# This file is automatically @generated by Cargo.
# It is not intended for manual editing.
version = 3

[[package]]
name = "c2rust-asm-casts"
version = "0.22.1"
source = "registry+https://github.com/rust-lang/crates.io-index"
checksum = "3ab4907191258a19e925f6f78ccb058e71e01e7bc956937043f36b3d55b239fb"

[[package]]
name = "fzy_cleaned"
version = "0.0.0"
dependencies = [
 "c2rust-asm-casts",
]

[[package]]
name = "purebin_freeform"
version = "0.1.0"
dependencies = [
 "fzy_cleaned",
]
